
Microsoft Visual Studio Solution File, Format Version 12.00
# Visual Studio Version 17
VisualStudioVersion = 17.0.31903.59
MinimumVisualStudioVersion = 10.0.40219.1
Project("{FAE04EC0-301F-11D3-BF4B-00C04F79EFBC}") = "API", "API\API.csproj", "{FE2FFDF0-CBF4-498E-9343-C023151FAB71}"
EndProject
Project("{FAE04EC0-301F-11D3-BF4B-00C04F79EFBC}") = "Application", "Application\Application.csproj", "{940DD7F6-8934-4065-B739-7131BB619B9D}"
EndProject
Project("{FAE04EC0-301F-11D3-BF4B-00C04F79EFBC}") = "Domain", "Domain\Domain.csproj", "{CF669A48-B5C7-4704-AA38-C4B7E491B427}"
EndProject
Project("{FAE04EC0-301F-11D3-BF4B-00C04F79EFBC}") = "Persistence", "Persistence\Persistence.csproj", "{9864EF0E-330F-41FD-92A0-1A27E5308AFB}"
EndProject
Global
	GlobalSection(SolutionConfigurationPlatforms) = preSolution
		Debug|Any CPU = Debug|Any CPU
		Release|Any CPU = Release|Any CPU
	EndGlobalSection
	GlobalSection(SolutionProperties) = preSolution
		HideSolutionNode = FALSE
	EndGlobalSection
	GlobalSection(ProjectConfigurationPlatforms) = postSolution
		{FE2FFDF0-CBF4-498E-9343-C023151FAB71}.Debug|Any CPU.ActiveCfg = Debug|Any CPU
		{FE2FFDF0-CBF4-498E-9343-C023151FAB71}.Debug|Any CPU.Build.0 = Debug|Any CPU
		{FE2FFDF0-CBF4-498E-9343-C023151FAB71}.Release|Any CPU.ActiveCfg = Release|Any CPU
		{FE2FFDF0-CBF4-498E-9343-C023151FAB71}.Release|Any CPU.Build.0 = Release|Any CPU
		{940DD7F6-8934-4065-B739-7131BB619B9D}.Debug|Any CPU.ActiveCfg = Debug|Any CPU
		{940DD7F6-8934-4065-B739-7131BB619B9D}.Debug|Any CPU.Build.0 = Debug|Any CPU
		{940DD7F6-8934-4065-B739-7131BB619B9D}.Release|Any CPU.ActiveCfg = Release|Any CPU
		{940DD7F6-8934-4065-B739-7131BB619B9D}.Release|Any CPU.Build.0 = Release|Any CPU
		{CF669A48-B5C7-4704-AA38-C4B7E491B427}.Debug|Any CPU.ActiveCfg = Debug|Any CPU
		{CF669A48-B5C7-4704-AA38-C4B7E491B427}.Debug|Any CPU.Build.0 = Debug|Any CPU
		{CF669A48-B5C7-4704-AA38-C4B7E491B427}.Release|Any CPU.ActiveCfg = Release|Any CPU
		{CF669A48-B5C7-4704-AA38-C4B7E491B427}.Release|Any CPU.Build.0 = Release|Any CPU
		{9864EF0E-330F-41FD-92A0-1A27E5308AFB}.Debug|Any CPU.ActiveCfg = Debug|Any CPU
		{9864EF0E-330F-41FD-92A0-1A27E5308AFB}.Debug|Any CPU.Build.0 = Debug|Any CPU
		{9864EF0E-330F-41FD-92A0-1A27E5308AFB}.Release|Any CPU.ActiveCfg = Release|Any CPU
		{9864EF0E-330F-41FD-92A0-1A27E5308AFB}.Release|Any CPU.Build.0 = Release|Any CPU
	EndGlobalSection
EndGlobal
